{
    "_meta": {
        "hash": {
            "sha256": "dca7414dd9d3e75b91faca59c15bd8405618d90cbe970acc6e1671d86e3b69b2"
        },
        "pipfile-spec": 6,
        "requires": {
            "python_version": "3.6"
        },
        "sources": [
            {
                "name": "pypi",
                "url": "https://pypi.org/simple",
                "verify_ssl": true
            }
        ]
    },
    "default": {
        "certifi": {
            "hashes": [
                "sha256:13e698f54293db9f89122b0581843a782ad0934a4fe0172d2a980ba77fc61bb7",
                "sha256:9fa520c1bacfb634fa7af20a76bcbd3d5fb390481724c597da32c719a7dca4b0"
            ],
            "version": "==2018.4.16"
        },
        "chardet": {
            "hashes": [
                "sha256:84ab92ed1c4d4f16916e05906b6b75a6c0fb5db821cc65e70cbd64a3e2a5eaae",
                "sha256:fc323ffcaeaed0e0a02bf4d117757b98aed530d9ed4531e3e15460124c106691"
            ],
            "version": "==3.0.4"
        },
        "idna": {
            "hashes": [
                "sha256:2c6a5de3089009e3da7c5dde64a141dbc8551d5b7f6cf4ed7c2568d0cc520a8f",
                "sha256:8c7309c718f94b3a625cb648ace320157ad16ff131ae0af362c9f21b80ef6ec4"
            ],
            "version": "==2.6"
        },
        "lxml": {
            "hashes": [
                "sha256:01b194561b6a25d94b1267b785d6ec67eec6b62cce2591f3096de98ec22a704b",
                "sha256:10ad7277b618b9a0bafed7ddf73af6d9c9b3de8d42cbb881859d611d54de665c",
                "sha256:1fc9e6adc16c0cab2596de5cd7adc5988635ec1e2dcae367e2a2009302ae89b3",
                "sha256:34cb8e68be4403d01a84f5dd5b9a089ddaedf28a3e9ff259708d88f9a60e2b7e",
                "sha256:36a47fb5d99f7827cb478cc71f907b728304ead3b12b0eb1a102199a0a0bf8a7",
                "sha256:37cda88cf6082fd9d78988156140a5922d4b296577b5ff83f72116c4061d7304",
                "sha256:39e80bafa7be141ff2d0bb8ed1652b9ac326573bf0e6678770d729adbd9d2670",
                "sha256:4211c2ff1a465d9bafc671715d40695bfeb59065005a8b565069b4ab3faba5d9",
                "sha256:473ad409306e83dca68632bf29e1b40592b159af86318410ac42e8054f2904b8",
                "sha256:482da759ec33fb78e3781d1c59aafa39a83265bbc796967f830d64d08f7212ad",
                "sha256:48cccd8ba29c4cc967cb0e3317c5931e0f0ade1692895da6ba9a5a31410d75af",
                "sha256:4b487bf101ce0217afcc3eb661713b32f10d30f1cac1e9d966f0a988ea8a389c",
                "sha256:512f1b88f46ef1e55cb05150b8e7029be1c10995c3531d6c1205afa8b61d8996",
                "sha256:73e23a2dd19d8f3c012cf6d3b221b32bf2254de49dfed449b2b87dd8fa56611e",
                "sha256:810934dddb01a797fcd8ec9d9e981b8ebc7738ae1a5bbd2c90c7cdae5435609e",
                "sha256:82f278cd24da1b8a98df89de38946d67381a00e39adef768fd302dc8f4e1c383",
                "sha256:852d077b69432ad3c2ee622d4a82588fc32c8f260d41ce1a34207e60213b04a1",
                "sha256:8eee7864ea7882512bada274c2a58997a09fa8da5f8a31e298ebf7226df0cf75",
                "sha256:967ac7c857b4c67dbc906e2c7d81f89c14ea84d63adf4e95c6a1c9ed1bec2d77",
                "sha256:a8b8c161d9dab9e884f99e7d898f6e06db547a3a0398962b55de96130b6da777",
                "sha256:a9368022ca262fd15625f365b557d66ce0743bc1e1901d85dfe1af9836f01713",
                "sha256:ab5ab5df9589a4538c238cf3711978419562ccf9c72efc06fb2f5e3833b7e0f4",
                "sha256:be1d3c858071d552aab304742726ea1b3a46f21761f2c2a7afa93a37e57597f5",
                "sha256:bea02d0662709d905bc18402ad4b84c5a6dc72d9d86dbbe9958eadf3d158e63b",
                "sha256:d06bbb503f9e41c836a1941d163469b6df2f77f004bff609849f58ed52fa2ad4",
                "sha256:d2965ef3521bcc3c82bd218a44f4c1f2630c127b5e1f35da50cb360e872bc3af",
                "sha256:d78d58d934a3c2f39daaf89aad5e71551ff75550cf4820020ad6ae29f1b82cc9"
            ],
            "index": "pypi",
            "version": "==4.2.2"
        },
        "requests": {
            "hashes": [
                "sha256:6a1b267aa90cac58ac3a765d067950e7dbbf75b1da07e895d1f594193a40a38b",
                "sha256:9c443e7324ba5b85070c4a818ade28bfabedf16ea10206da1132edaa6dda237e"
            ],
            "index": "pypi",
            "version": "==2.18.4"
        },
        "selenium": {
            "hashes": [
                "sha256:1372101ad23798462038481f92ba1c7fab8385c788b05da6b44318f10ea52422",
                "sha256:b8a2630fd858636c894960726ca3c94d8277e516ea3a9d81614fb819a5844764"
            ],
            "index": "pypi",
            "version": "==3.12.0"
        },
        "urllib3": {
            "hashes": [
                "sha256:06330f386d6e4b195fbfc736b297f58c5a892e4440e54d294d7004e3a9bbea1b",
                "sha256:cc44da8e1145637334317feebd728bd869a35285b93cbb4cca2577da7e62db4f"
            ],
            "version": "==1.22"
        }
    },
    "develop": {}
}
